dependencies:
- name: valkey
  repository: oci://registry-1.docker.io/cloudpirates
  version: 0.25.11
- name: postgres
  repository: oci://registry-1.docker.io/cloudpirates
  version: 0.20.5
digest: sha256:72218629b05888c4cf2fdbce627ff29ec1694cb9be48d6ee9fa26d1eccddfa49
generated: "2026-09-19T17:48:58.023646-04:00"
