dependencies:
- name: redis
  repository: oci://registry-1.docker.io/bitnamicharts
  version: 25.3.2
- name: postgresql
  repository: oci://registry-1.docker.io/bitnamicharts
  version: 18.5.6
digest: sha256:e7ea46c2dc8a0be60321fb3745bc6747caabd5c02121ceda8061a7635c2ddf11
generated: "2026-03-13T13:27:01.511764-04:00"
